// !$*UTF8*$!
{
	archiveVersion = 1;
	classes = {
	};
	objectVersion = 46;
	objects = {

/* Begin PBXBuildFile section */
		561EA10119F3FE240042B9B6 /* AppDelegate.swift in Sources */ = {isa = PBXBuildFile; fileRef = 561EA10019F3FE240042B9B6 /* AppDelegate.swift */; };
		561EA10319F3FE240042B9B6 /* ViewController.swift in Sources */ = {isa = PBXBuildFile; fileRef = 561EA10219F3FE240042B9B6 /* ViewController.swift */; };
		561EA10619F3FE240042B9B6 /* Main.storyboard in Resources */ = {isa = PBXBuildFile; fileRef = 561EA10419F3FE240042B9B6 /* Main.storyboard */; };
		561EA10819F3FE240042B9B6 /* Images.xcassets in Resources */ = {isa = PBXBuildFile; fileRef = 561EA10719F3FE240042B9B6 /* Images.xcassets */; };
		561EA10B19F3FE240042B9B6 /* LaunchScreen.xib in Resources */ = {isa = PBXBuildFile; fileRef = 561EA10919F3FE240042B9B6 /* LaunchScreen.xib */; };
		561EA11719F3FE240042B9B6 /* PostcardTests.swift in Sources */ = {isa = PBXBuildFile; fileRef = 561EA11619F3FE240042B9B6 /* PostcardTests.swift */; };
		56BE069519FECC4700695CAD /* SagradaFamilia.jpeg in Resources */ = {isa = PBXBuildFile; fileRef = 56BE069419FECC4700695CAD /* SagradaFamilia.jpeg */; };
		56BE069719FFC68900695CAD /* AlbertEinsteinStamp.jpg in Resources */ = {isa = PBXBuildFile; fileRef = 56BE069619FFC68900695CAD /* AlbertEinsteinStamp.jpg */; };
/* End PBXBuildFile section */

/* Begin PBXContainerItemProxy section */
		561EA11119F3FE240042B9B6 /* PBXContainerItemProxy */ = {
			isa = PBXContainerItemProxy;
			containerPortal = 561EA0F319F3FE240042B9B6 /* Project object */;
			proxyType = 1;
			remoteGlobalIDString = 561EA0FA19F3FE240042B9B6;
			remoteInfo = Postcard;
		};
/* End PBXContainerItemProxy section */

/* Begin PBXFileReference section */
		561EA0FB19F3FE240042B9B6 /* Postcard.app */ = {isa = PBXFileReference; explicitFileType = wrapper.application; includeInIndex = 0; path = Postcard.app; sourceTree = BUILT_PRODUCTS_DIR; };
		561EA0FF19F3FE240042B9B6 /* Info.plist */ = {isa = PBXFileReference; lastKnownFileType = text.plist.xml; path = Info.plist; sourceTree = "<group>"; };
		561EA10019F3FE240042B9B6 /* AppDelegate.swift */ = {isa = PBXFileReference; lastKnownFileType = sourcecode.swift; path = AppDelegate.swift; sourceTree = "<group>"; };
		561EA10219F3FE240042B9B6 /* ViewController.swift */ = {isa = PBXFileReference; lastKnownFileType = sourcecode.swift; path = ViewController.swift; sourceTree = "<group>"; };
		561EA10519F3FE240042B9B6 /* Base */ = {isa = PBXFileReference; lastKnownFileType = file.storyboard; name = Base; path = Base.lproj/Main.storyboard; sourceTree = "<group>"; };
		561EA10719F3FE240042B9B6 /* Images.xcassets */ = {isa = PBXFileReference; lastKnownFileType = folder.assetcatalog; path = Images.xcassets; sourceTree = "<group>"; };
		561EA10A19F3FE240042B9B6 /* Base */ = {isa = PBXFileReference; lastKnownFileType = file.xib; name = Base; path = Base.lproj/LaunchScreen.xib; sourceTree = "<group>"; };
		561EA11019F3FE240042B9B6 /* PostcardTests.xctest */ = {isa = PBXFileReference; explicitFileType = wrapper.cfbundle; includeInIndex = 0; path = PostcardTests.xctest; sourceTree = BUILT_PRODUCTS_DIR; };
		561EA11519F3FE240042B9B6 /* Info.plist */ = {isa = PBXFileReference; lastKnownFileType = text.plist.xml; path = Info.plist; sourceTree = "<group>"; };
		561EA11619F3FE240042B9B6 /* PostcardTests.swift */ = {isa = PBXFileReference; lastKnownFileType = sourcecode.swift; path = PostcardTests.swift; sourceTree = "<group>"; };
		56BE069419FECC4700695CAD /* SagradaFamilia.jpeg */ = {isa = PBXFileReference; lastKnownFileType = image.jpeg; path = SagradaFamilia.jpeg; sourceTree = "<group>"; };
		56BE069619FFC68900695CAD /* AlbertEinsteinStamp.jpg */ = {isa = PBXFileReference; lastKnownFileType = image.jpeg; path = AlbertEinsteinStamp.jpg; sourceTree = "<group>"; };
/* End PBXFileReference section */

/* Begin PBXFrameworksBuildPhase section */
		561EA0F819F3FE240042B9B6 /* Frameworks */ = {
			isa = PBXFrameworksBuildPhase;
			buildActionMask = 2147483647;
			files = (
			);
			runOnlyForDeploymentPostprocessing = 0;
		};
		561EA10D19F3FE240042B9B6 /* Frameworks */ = {
			isa = PBXFrameworksBuildPhase;
			buildActionMask = 2147483647;
			files = (
			);
			runOnlyForDeploymentPostprocessing = 0;
		};
/* End PBXFrameworksBuildPhase section */

/* Begin PBXGroup section */
		561EA0F219F3FE240042B9B6 = {
			isa = PBXGroup;
			children = (
				561EA0FD19F3FE240042B9B6 /* Postcard */,
				561EA11319F3FE240042B9B6 /* PostcardTests */,
				561EA0FC19F3FE240042B9B6 /* Products */,
			);
			sourceTree = "<group>";
		};
		561EA0FC19F3FE240042B9B6 /* Products */ = {
			isa = PBXGroup;
			children = (
				561EA0FB19F3FE240042B9B6 /* Postcard.app */,
				561EA11019F3FE240042B9B6 /* PostcardTests.xctest */,
			);
			name = Products;
			sourceTree = "<group>";
		};
		561EA0FD19F3FE240042B9B6 /* Postcard */ = {
			isa = PBXGroup;
			children = (
				561EA10019F3FE240042B9B6 /* AppDelegate.swift */,
				561EA10219F3FE240042B9B6 /* ViewController.swift */,
				561EA10419F3FE240042B9B6 /* Main.storyboard */,
				561EA10719F3FE240042B9B6 /* Images.xcassets */,
				561EA10919F3FE240042B9B6 /* LaunchScreen.xib */,
				561EA0FE19F3FE240042B9B6 /* Supporting Files */,
			);
			path = Postcard;
			sourceTree = "<group>";
		};
		561EA0FE19F3FE240042B9B6 /* Supporting Files */ = {
			isa = PBXGroup;
			children = (
				56BE069619FFC68900695CAD /* AlbertEinsteinStamp.jpg */,
				56BE069419FECC4700695CAD /* SagradaFamilia.jpeg */,
				561EA0FF19F3FE240042B9B6 /* Info.plist */,
			);
			name = "Supporting Files";
			sourceTree = "<group>";
		};
		561EA11319F3FE240042B9B6 /* PostcardTests */ = {
			isa = PBXGroup;
			children = (
				561EA11619F3FE240042B9B6 /* PostcardTests.swift */,
				561EA11419F3FE240042B9B6 /* Supporting Files */,
			);
			path = PostcardTests;
			sourceTree = "<group>";
		};
		561EA11419F3FE240042B9B6 /* Supporting Files */ = {
			isa = PBXGroup;
			children = (
				561EA11519F3FE240042B9B6 /* Info.plist */,
			);
			name = "Supporting Files";
			sourceTree = "<group>";
		};
/* End PBXGroup section */

/* Begin PBXNativeTarget section */
		561EA0FA19F3FE240042B9B6 /* Postcard */ = {
			isa = PBXNativeTarget;
			buildConfigurationList = 561EA11A19F3FE240042B9B6 /* Build configuration list for PBXNativeTarget "Postcard" */;
			buildPhases = (
				561EA0F719F3FE240042B9B6 /* Sources */,
				561EA0F819F3FE240042B9B6 /* Frameworks */,
				561EA0F919F3FE240042B9B6 /* Resources */,
			);
			buildRules = (
			);
			dependencies = (
			);
			name = Postcard;
			productName = Postcard;
			productReference = 561EA0FB19F3FE240042B9B6 /* Postcard.app */;
			productType = "com.apple.product-type.application";
		};
		561EA10F19F3FE240042B9B6 /* PostcardTests */ = {
			isa = PBXNativeTarget;
			buildConfigurationList = 561EA11D19F3FE240042B9B6 /* Build configuration list for PBXNativeTarget "PostcardTests" */;
			buildPhases = (
				561EA10C19F3FE240042B9B6 /* Sources */,
				561EA10D19F3FE240042B9B6 /* Frameworks */,
				561EA10E19F3FE240042B9B6 /* Resources */,
			);
			buildRules = (
			);
			dependencies = (
				561EA11219F3FE240042B9B6 /* PBXTargetDependency */,
			);
			name = PostcardTests;
			productName = PostcardTests;
			productReference = 561EA11019F3FE240042B9B6 /* PostcardTests.xctest */;
			productType = "com.apple.product-type.bundle.unit-test";
		};
/* End PBXNativeTarget section */

/* Begin PBXProject section */
		561EA0F319F3FE240042B9B6 /* Project object */ = {
			isa = PBXProject;
			attributes = {
				LastUpgradeCheck = 0600;
				ORGANIZATIONNAME = IHADevs;
				TargetAttributes = {
					561EA0FA19F3FE240042B9B6 = {
						CreatedOnToolsVersion = 6.0.1;
					};
					561EA10F19F3FE240042B9B6 = {
						CreatedOnToolsVersion = 6.0.1;
						TestTargetID = 561EA0FA19F3FE240042B9B6;
					};
				};
			};
			buildConfigurationList = 561EA0F619F3FE240042B9B6 /* Build configuration list for PBXProject "Postcard" */;
			compatibilityVersion = "Xcode 3.2";
			developmentRegion = English;
			hasScannedForEncodings = 0;
			knownRegions = (
				en,
				Base,
			);
			mainGroup = 561EA0F219F3FE240042B9B6;
			productRefGroup = 561EA0FC19F3FE240042B9B6 /* Products */;
			projectDirPath = "";
			projectRoot = "";
			targets = (
				561EA0FA19F3FE240042B9B6 /* Postcard */,
				561EA10F19F3FE240042B9B6 /* PostcardTests */,
			);
		};
/* End PBXProject section */

/* Begin PBXResourcesBuildPhase section */
		561EA0F919F3FE240042B9B6 /* Resources */ = {
			isa = PBXResourcesBuildPhase;
			buildActionMask = 2147483647;
			files = (
				561EA10619F3FE240042B9B6 /* Main.storyboard in Resources */,
				56BE069519FECC4700695CAD /* SagradaFamilia.jpeg in Resources */,
				56BE069719FFC68900695CAD /* AlbertEinsteinStamp.jpg in Resources */,
				561EA10B19F3FE240042B9B6 /* LaunchScreen.xib in Resources */,
				561EA10819F3FE240042B9B6 /* Images.xcassets in Resources */,
			);
			runOnlyForDeploymentPostprocessing = 0;
		};
		561EA10E19F3FE240042B9B6 /* Resources */ = {
			isa = PBXResourcesBuildPhase;
			buildActionMask = 2147483647;
			files = (
			);
			runOnlyForDeploymentPostprocessing = 0;
		};
/* End PBXResourcesBuildPhase section */

/* Begin PBXSourcesBuildPhase section */
		561EA0F719F3FE240042B9B6 /* Sources */ = {
			isa = PBXSourcesBuildPhase;
			buildActionMask = 2147483647;
			files = (
				561EA10319F3FE240042B9B6 /* ViewController.swift in Sources */,
				561EA10119F3FE240042B9B6 /* AppDelegate.swift in Sources */,
			);
			runOnlyForDeploymentPostprocessing = 0;
		};
		561EA10C19F3FE240042B9B6 /* Sources */ = {
			isa = PBXSourcesBuildPhase;
			buildActionMask = 2147483647;
			files = (
				561EA11719F3FE240042B9B6 /* PostcardTests.swift in Sources */,
			);
			runOnlyForDeploymentPostprocessing = 0;
		};
/* End PBXSourcesBuildPhase section */

/* Begin PBXTargetDependency section */
		561EA11219F3FE240042B9B6 /* PBXTargetDependency */ = {
			isa = PBXTargetDependency;
			target = 561EA0FA19F3FE240042B9B6 /* Postcard */;
			targetProxy = 561EA11119F3FE240042B9B6 /* PBXContainerItemProxy */;
		};
/* End PBXTargetDependency section */

/* Begin PBXVariantGroup section */
		561EA10419F3FE240042B9B6 /* Main.storyboard */ = {
			isa = PBXVariantGroup;
			children = (
				561EA10519F3FE240042B9B6 /* Base */,
			);
			name = Main.storyboard;
			sourceTree = "<group>";
		};
		561EA10919F3FE240042B9B6 /* LaunchScreen.xib */ = {
			isa = PBXVariantGroup;
			children = (
				561EA10A19F3FE240042B9B6 /* Base */,
			);
			name = LaunchScreen.xib;
			sourceTree = "<group>";
		};
/* End PBXVariantGroup section */

/* Begin XCBuildConfiguration section */
		561EA11819F3FE240042B9B6 /* Debug */ = {
			isa = XCBuildConfiguration;
			buildSettings = {
				ALWAYS_SEARCH_USER_PATHS = NO;
				CLANG_CXX_LANGUAGE_STANDARD = "gnu++0x";
				CLANG_CXX_LIBRARY = "libc++";
				CLANG_ENABLE_MODULES = YES;
				CLANG_ENABLE_OBJC_ARC = YES;
				CLANG_WARN_BOOL_CONVERSION = YES;
				CLANG_WARN_CONSTANT_CONVERSION = YES;
				CLANG_WARN_DIRECT_OBJC_ISA_USAGE = YES_ERROR;
				CLANG_WARN_EMPTY_BODY = YES;
				CLANG_WARN_ENUM_CONVERSION = YES;
				CLANG_WARN_INT_CONVERSION = YES;
				CLANG_WARN_OBJC_ROOT_CLASS = YES_ERROR;
				CLANG_WARN_UNREACHABLE_CODE = YES;
				CLANG_WARN__DUPLICATE_METHOD_MATCH = YES;
				"CODE_SIGN_IDENTITY[sdk=iphoneos*]" = "iPhone Developer";
				COPY_PHASE_STRIP = NO;
				ENABLE_STRICT_OBJC_MSGSEND = YES;
				GCC_C_LANGUAGE_STANDARD = gnu99;
				GCC_DYNAMIC_NO_PIC = NO;
				GCC_OPTIMIZATION_LEVEL = 0;
				GCC_PREPROCESSOR_DEFINITIONS = (
					"DEBUG=1",
					"$(inherited)",
				);
				GCC_SYMBOLS_PRIVATE_EXTERN = NO;
				GCC_WARN_64_TO_32_BIT_CONVERSION = YES;
				GCC_WARN_ABOUT_RETURN_TYPE = YES_ERROR;
				GCC_WARN_UNDECLARED_SELECTOR = YES;
				GCC_WARN_UNINITIALIZED_AUTOS = YES_AGGRESSIVE;
				GCC_WARN_UNUSED_FUNCTION = YES;
				GCC_WARN_UNUSED_VARIABLE = YES;
				IPHONEOS_DEPLOYMENT_TARGET = 8.0;
				MTL_ENABLE_DEBUG_INFO = YES;
				ONLY_ACTIVE_ARCH = YES;
				SDKROOT = iphoneos;
				SWIFT_OPTIMIZATION_LEVEL = "-Onone";
				TARGETED_DEVICE_FAMILY = "1,2";
			};
			name = Debug;
		};
		561EA11919F3FE240042B9B6 /* Release */ = {
			isa = XCBuildConfiguration;
			buildSettings = {
				ALWAYS_SEARCH_USER_PATHS = NO;
				CLANG_CXX_LANGUAGE_STANDARD = "gnu++0x";
				CLANG_CXX_LIBRARY = "libc++";
				CLANG_ENABLE_MODULES = YES;
				CLANG_ENABLE_OBJC_ARC = YES;
				CLANG_WARN_BOOL_CONVERSION = YES;
				CLANG_WARN_CONSTANT_CONVERSION = YES;
				CLANG_WARN_DIRECT_OBJC_ISA_USAGE = YES_ERROR;
				CLANG_WARN_EMPTY_BODY = YES;
				CLANG_WARN_ENUM_CONVERSION = YES;
				CLANG_WARN_INT_CONVERSION = YES;
				CLANG_WARN_OBJC_ROOT_CLASS = YES_ERROR;
				CLANG_WARN_UNREACHABLE_CODE = YES;
				CLANG_WARN__DUPLICATE_METHOD_MATCH = YES;
				"CODE_SIGN_IDENTITY[sdk=iphoneos*]" = "iPhone Developer";
				COPY_PHASE_STRIP = YES;
				ENABLE_NS_ASSERTIONS = NO;
				ENABLE_STRICT_OBJC_MSGSEND = YES;
				GCC_C_LANGUAGE_STANDARD = gnu99;
				GCC_WARN_64_TO_32_BIT_CONVERSION = YES;
				GCC_WARN_ABOUT_RETURN_TYPE = YES_ERROR;
				GCC_WARN_UNDECLARED_SELECTOR = YES;
				GCC_WARN_UNINITIALIZED_AUTOS = YES_AGGRESSIVE;
				GCC_WARN_UNUSED_FUNCTION = YES;
				GCC_WARN_UNUSED_VARIABLE = YES;
				IPHONEOS_DEPLOYMENT_TARGET = 8.0;
				MTL_ENABLE_DEBUG_INFO = NO;
				SDKROOT = iphoneos;
				TARGETED_DEVICE_FAMILY = "1,2";
				VALIDATE_PRODUCT = YES;
			};
			name = Release;
		};
		561EA11B19F3FE240042B9B6 /* Debug */ = {
			isa = XCBuildConfiguration;
			buildSettings = {
				ASSETCATALOG_COMPILER_APPICON_NAME = AppIcon;
				INFOPLIST_FILE = Postcard/Info.plist;
				LD_RUNPATH_SEARCH_PATHS = "$(inherited) @executable_path/Frameworks";
				PRODUCT_NAME = "$(TARGET_NAME)";
				TARGETED_DEVICE_FAMILY = "1,2";
			};
			name = Debug;
		};
		561EA11C19F3FE240042B9B6 /* Release */ = {
			isa = XCBuildConfiguration;
			buildSettings = {
				ASSETCATALOG_COMPILER_APPICON_NAME = AppIcon;
				INFOPLIST_FILE = Postcard/Info.plist;
				LD_RUNPATH_SEARCH_PATHS = "$(inherited) @executable_path/Frameworks";
				PRODUCT_NAME = "$(TARGET_NAME)";
				TARGETED_DEVICE_FAMILY = "1,2";
			};
			name = Release;
		};
		561EA11E19F3FE240042B9B6 /* Debug */ = {
			isa = XCBuildConfiguration;
			buildSettings = {
				BUNDLE_LOADER = "$(TEST_HOST)";
				FRAMEWORK_SEARCH_PATHS = (
					"$(SDKROOT)/Developer/Library/Frameworks",
					"$(inherited)",
				);
				GCC_PREPROCESSOR_DEFINITIONS = (
					"DEBUG=1",
					"$(inherited)",
				);
				INFOPLIST_FILE = PostcardTests/Info.plist;
				LD_RUNPATH_SEARCH_PATHS = "$(inherited) @executable_path/Frameworks @loader_path/Frameworks";
				PRODUCT_NAME = "$(TARGET_NAME)";
				TEST_HOST = "$(BUILT_PRODUCTS_DIR)/Postcard.app/Postcard";
			};
			name = Debug;
		};
		561EA11F19F3FE240042B9B6 /* Release */ = {
			isa = XCBuildConfiguration;
			buildSettings = {
				BUNDLE_LOADER = "$(TEST_HOST)";
				FRAMEWORK_SEARCH_PATHS = (
					"$(SDKROOT)/Developer/Library/Frameworks",
					"$(inherited)",
				);
				INFOPLIST_FILE = PostcardTests/Info.plist;
				LD_RUNPATH_SEARCH_PATHS = "$(inherited) @executable_path/Frameworks @loader_path/Frameworks";
				PRODUCT_NAME = "$(TARGET_NAME)";
				TEST_HOST = "$(BUILT_PRODUCTS_DIR)/Postcard.app/Postcard";
			};
			name = Release;
		};
/* End XCBuildConfiguration section */

/* Begin XCConfigurationList section */
		561EA0F619F3FE240042B9B6 /* Build configuration list for PBXProject "Postcard" */ = {
			isa = XCConfigurationList;
			buildConfigurations = (
				561EA11819F3FE240042B9B6 /* Debug */,
				561EA11919F3FE240042B9B6 /* Release */,
			);
			defaultConfigurationIsVisible = 0;
			defaultConfigurationName = Release;
		};
		561EA11A19F3FE240042B9B6 /* Build configuration list for PBXNativeTarget "Postcard" */ = {
			isa = XCConfigurationList;
			buildConfigurations = (
				561EA11B19F3FE240042B9B6 /* Debug */,
				561EA11C19F3FE240042B9B6 /* Release */,
			);
			defaultConfigurationIsVisible = 0;
			defaultConfigurationName = Release;
		};
		561EA11D19F3FE240042B9B6 /* Build configuration list for PBXNativeTarget "PostcardTests" */ = {
			isa = XCConfigurationList;
			buildConfigurations = (
				561EA11E19F3FE240042B9B6 /* Debug */,
				561EA11F19F3FE240042B9B6 /* Release */,
			);
			defaultConfigurationIsVisible = 0;
			defaultConfigurationName = Release;
		};
/* End XCConfigurationList section */
	};
	rootObject = 561EA0F319F3FE240042B9B6 /* Project object */;
}
